
Microsoft Visual Studio Solution File, Format Version 12.00
# Visual Studio Version 16
VisualStudioVersion = 16.0.28729.10
MinimumVisualStudioVersion = 10.0.40219.1
Project("{2150E333-8FDC-42A3-9474-1A3956D46DE8}") = "~Solution Items", "~Solution Items", "{00058F45-5598-40B3-BB3D-84CA49650378}"
	ProjectSection(SolutionItems) = preProject
		gulpfile.js = gulpfile.js
		lss-code.favdoc = lss-code.favdoc
	EndProjectSection
EndProject
Project("{D954291E-2A0B-460D-934E-DC6B0785DB48}") = "Luminous.Code.Info", "src\info\Luminous.Code.Info.shproj", "{2C8445EB-1011-4F3A-88C0-26BC5C01D78D}"
EndProject
Project("{2150E333-8FDC-42A3-9474-1A3956D46DE8}") = "packages", "packages", "{696E5A71-26BB-4CFA-A785-E60FFA471E52}"
EndProject
Project("{2150E333-8FDC-42A3-9474-1A3956D46DE8}") = "other", "other", "{3289E859-F833-4BE7-B298-FF93EF897E8B}"
EndProject
Project("{FAE04EC0-301F-11D3-BF4B-00C04F79EFBC}") = "Luminous.Code.Core", "src\core\Luminous.Code.Core.csproj", "{10E97CA5-13C8-4525-A972-C18677070838}"
EndProject
Project("{FAE04EC0-301F-11D3-BF4B-00C04F79EFBC}") = "Luminous.Code.VisualStudio", "src\vs\Luminous.Code.VisualStudio.csproj", "{997E3F68-01CE-44CE-A9D5-87EB01665B46}"
EndProject
Project("{2150E333-8FDC-42A3-9474-1A3956D46DE8}") = "tests", "tests", "{122203D8-D476-4A03-ACC1-1B3B73366CDD}"
EndProject
Project("{FAE04EC0-301F-11D3-BF4B-00C04F79EFBC}") = "Luminous.Code.Core.Tests", "tests\core\Luminous.Code.Core.Tests.csproj", "{7F6AC9DB-3B92-44CF-BFF1-DEA3133B33A1}"
EndProject
Project("{2150E333-8FDC-42A3-9474-1A3956D46DE8}") = "docs-source", "docs-source", "{AEB2BF7C-8D6D-4B2A-9C9D-EB4A959620EC}"
	ProjectSection(SolutionItems) = preProject
		docs-source\api.md = docs-source\api.md
		docs-source\changelog.md = docs-source\changelog.md
		docs-source\getting-started.md = docs-source\getting-started.md
		docs-source\index.md = docs-source\index.md
		docs-source\license.md = docs-source\license.md
		mkdocs.yml = mkdocs.yml
		docs-source\roadmap.md = docs-source\roadmap.md
	EndProjectSection
EndProject
Project("{2150E333-8FDC-42A3-9474-1A3956D46DE8}") = "github", "github", "{B00D5545-3546-4001-8EB7-CF57B9A909AD}"
	ProjectSection(SolutionItems) = preProject
		.gitignore = .gitignore
		.github\CONTRIBUTING.md = .github\CONTRIBUTING.md
		docs-source\license.md = docs-source\license.md
	EndProjectSection
EndProject
Project("{2150E333-8FDC-42A3-9474-1A3956D46DE8}") = "version", "version", "{F348DB15-5678-4155-ACD7-D142D349235A}"
	ProjectSection(SolutionItems) = preProject
		package.json = package.json
		src\info\VersionInfo.cs = src\info\VersionInfo.cs
	EndProjectSection
EndProject
Global
	GlobalSection(SharedMSBuildProjectFiles) = preSolution
		src\info\Luminous.Code.Info.projitems*{10e97ca5-13c8-4525-a972-c18677070838}*SharedItemsImports = 4
		src\info\Luminous.Code.Info.projitems*{2c8445eb-1011-4f3a-88c0-26bc5c01d78d}*SharedItemsImports = 13
		src\info\Luminous.Code.Info.projitems*{997e3f68-01ce-44ce-a9d5-87eb01665b46}*SharedItemsImports = 4
	EndGlobalSection
	GlobalSection(SolutionConfigurationPlatforms) = preSolution
		Debug|Any CPU = Debug|Any CPU
		Release|Any CPU = Release|Any CPU
	EndGlobalSection
	GlobalSection(ProjectConfigurationPlatforms) = postSolution
		{10E97CA5-13C8-4525-A972-C18677070838}.Debug|Any CPU.ActiveCfg = Debug|Any CPU
		{10E97CA5-13C8-4525-A972-C18677070838}.Debug|Any CPU.Build.0 = Debug|Any CPU
		{10E97CA5-13C8-4525-A972-C18677070838}.Release|Any CPU.ActiveCfg = Release|Any CPU
		{10E97CA5-13C8-4525-A972-C18677070838}.Release|Any CPU.Build.0 = Release|Any CPU
		{997E3F68-01CE-44CE-A9D5-87EB01665B46}.Debug|Any CPU.ActiveCfg = Debug|Any CPU
		{997E3F68-01CE-44CE-A9D5-87EB01665B46}.Debug|Any CPU.Build.0 = Debug|Any CPU
		{997E3F68-01CE-44CE-A9D5-87EB01665B46}.Release|Any CPU.ActiveCfg = Release|Any CPU
		{997E3F68-01CE-44CE-A9D5-87EB01665B46}.Release|Any CPU.Build.0 = Release|Any CPU
		{7F6AC9DB-3B92-44CF-BFF1-DEA3133B33A1}.Debug|Any CPU.ActiveCfg = Debug|Any CPU
		{7F6AC9DB-3B92-44CF-BFF1-DEA3133B33A1}.Debug|Any CPU.Build.0 = Debug|Any CPU
		{7F6AC9DB-3B92-44CF-BFF1-DEA3133B33A1}.Release|Any CPU.ActiveCfg = Release|Any CPU
		{7F6AC9DB-3B92-44CF-BFF1-DEA3133B33A1}.Release|Any CPU.Build.0 = Release|Any CPU
	EndGlobalSection
	GlobalSection(SolutionProperties) = preSolution
		HideSolutionNode = FALSE
	EndGlobalSection
	GlobalSection(NestedProjects) = preSolution
		{2C8445EB-1011-4F3A-88C0-26BC5C01D78D} = {3289E859-F833-4BE7-B298-FF93EF897E8B}
		{10E97CA5-13C8-4525-A972-C18677070838} = {696E5A71-26BB-4CFA-A785-E60FFA471E52}
		{997E3F68-01CE-44CE-A9D5-87EB01665B46} = {696E5A71-26BB-4CFA-A785-E60FFA471E52}
		{7F6AC9DB-3B92-44CF-BFF1-DEA3133B33A1} = {122203D8-D476-4A03-ACC1-1B3B73366CDD}
		{AEB2BF7C-8D6D-4B2A-9C9D-EB4A959620EC} = {00058F45-5598-40B3-BB3D-84CA49650378}
		{B00D5545-3546-4001-8EB7-CF57B9A909AD} = {00058F45-5598-40B3-BB3D-84CA49650378}
		{F348DB15-5678-4155-ACD7-D142D349235A} = {00058F45-5598-40B3-BB3D-84CA49650378}
	EndGlobalSection
	GlobalSection(ExtensibilityGlobals) = postSolution
		SolutionGuid = {C4AFD881-8D6C-4E5C-8F3D-9E4A64A3EA6E}
	EndGlobalSection
EndGlobal
